
Microsoft Visual Studio Solution File, Format Version 12.00
# Visual Studio Version 17
VisualStudioVersion = 17.13.35931.197
MinimumVisualStudioVersion = 10.0.40219.1
Project("{FAE04EC0-301F-11D3-BF4B-00C04F79EFBC}") = "01_Basics_Variables1", "01_MainSubjects\01_Basics_Variables1.csproj", "{F4E3F940-2BE1-4ED3-BB87-417942B781D5}"
EndProject
Project("{FAE04EC0-301F-11D3-BF4B-00C04F79EFBC}") = "02_Variables2", "02_Variables2\02_Variables2.csproj", "{4D6DA602-B6D3-4564-864C-9DF355FB6E5A}"
EndProject
Project("{FAE04EC0-301F-11D3-BF4B-00C04F79EFBC}") = "03_Making_Desicion", "03_Making_Desicion\03_Making_Desicion.csproj", "{7E9E4B9B-96E5-4793-B7FA-F38A723E0F35}"
EndProject
Project("{FAE04EC0-301F-11D3-BF4B-00C04F79EFBC}") = "04_Loops", "04_Loops\04_Loops.csproj", "{0176ED68-FCDC-47FE-A72D-20382009E969}"
EndProject
Project("{FAE04EC0-301F-11D3-BF4B-00C04F79EFBC}") = "05_Arrays", "05_Arrays\05_Arrays.csproj", "{A5174FA9-CFB8-4FAF-AF12-BAE88EE1799A}"
EndProject
Project("{FAE04EC0-301F-11D3-BF4B-00C04F79EFBC}") = "06_Foreach", "06_Foreach\06_Foreach.csproj", "{25E07CC7-9520-48B3-9B0C-65E567DC3AB2}"
EndProject
Project("{FAE04EC0-301F-11D3-BF4B-00C04F79EFBC}") = "07_Methods", "07_Methods\07_Methods.csproj", "{11E08E67-3231-46B2-9996-731F8721BCF4}"
EndProject
Project("{FAE04EC0-301F-11D3-BF4B-00C04F79EFBC}") = "08_SQL", "08_SQL\08_SQL.csproj", "{15164DB9-94AE-4673-8184-0BD55A121241}"
EndProject
Project("{FAE04EC0-301F-11D3-BF4B-00C04F79EFBC}") = "09_SQL_CRUD", "09_SQL_CRUD\09_SQL_CRUD.csproj", "{A97DB675-FD68-4421-921D-AA15856F4796}"
EndProject
Global
	GlobalSection(SolutionConfigurationPlatforms) = preSolution
		Debug|Any CPU = Debug|Any CPU
		Release|Any CPU = Release|Any CPU
	EndGlobalSection
	GlobalSection(ProjectConfigurationPlatforms) = postSolution
		{F4E3F940-2BE1-4ED3-BB87-417942B781D5}.Debug|Any CPU.ActiveCfg = Debug|Any CPU
		{F4E3F940-2BE1-4ED3-BB87-417942B781D5}.Debug|Any CPU.Build.0 = Debug|Any CPU
		{F4E3F940-2BE1-4ED3-BB87-417942B781D5}.Release|Any CPU.ActiveCfg = Release|Any CPU
		{F4E3F940-2BE1-4ED3-BB87-417942B781D5}.Release|Any CPU.Build.0 = Release|Any CPU
		{4D6DA602-B6D3-4564-864C-9DF355FB6E5A}.Debug|Any CPU.ActiveCfg = Debug|Any CPU
		{4D6DA602-B6D3-4564-864C-9DF355FB6E5A}.Debug|Any CPU.Build.0 = Debug|Any CPU
		{4D6DA602-B6D3-4564-864C-9DF355FB6E5A}.Release|Any CPU.ActiveCfg = Release|Any CPU
		{4D6DA602-B6D3-4564-864C-9DF355FB6E5A}.Release|Any CPU.Build.0 = Release|Any CPU
		{7E9E4B9B-96E5-4793-B7FA-F38A723E0F35}.Debug|Any CPU.ActiveCfg = Debug|Any CPU
		{7E9E4B9B-96E5-4793-B7FA-F38A723E0F35}.Debug|Any CPU.Build.0 = Debug|Any CPU
		{7E9E4B9B-96E5-4793-B7FA-F38A723E0F35}.Release|Any CPU.ActiveCfg = Release|Any CPU
		{7E9E4B9B-96E5-4793-B7FA-F38A723E0F35}.Release|Any CPU.Build.0 = Release|Any CPU
		{0176ED68-FCDC-47FE-A72D-20382009E969}.Debug|Any CPU.ActiveCfg = Debug|Any CPU
		{0176ED68-FCDC-47FE-A72D-20382009E969}.Debug|Any CPU.Build.0 = Debug|Any CPU
		{0176ED68-FCDC-47FE-A72D-20382009E969}.Release|Any CPU.ActiveCfg = Release|Any CPU
		{0176ED68-FCDC-47FE-A72D-20382009E969}.Release|Any CPU.Build.0 = Release|Any CPU
		{A5174FA9-CFB8-4FAF-AF12-BAE88EE1799A}.Debug|Any CPU.ActiveCfg = Debug|Any CPU
		{A5174FA9-CFB8-4FAF-AF12-BAE88EE1799A}.Debug|Any CPU.Build.0 = Debug|Any CPU
		{A5174FA9-CFB8-4FAF-AF12-BAE88EE1799A}.Release|Any CPU.ActiveCfg = Release|Any CPU
		{A5174FA9-CFB8-4FAF-AF12-BAE88EE1799A}.Release|Any CPU.Build.0 = Release|Any CPU
		{25E07CC7-9520-48B3-9B0C-65E567DC3AB2}.Debug|Any CPU.ActiveCfg = Debug|Any CPU
		{25E07CC7-9520-48B3-9B0C-65E567DC3AB2}.Debug|Any CPU.Build.0 = Debug|Any CPU
		{25E07CC7-9520-48B3-9B0C-65E567DC3AB2}.Release|Any CPU.ActiveCfg = Release|Any CPU
		{25E07CC7-9520-48B3-9B0C-65E567DC3AB2}.Release|Any CPU.Build.0 = Release|Any CPU
		{11E08E67-3231-46B2-9996-731F8721BCF4}.Debug|Any CPU.ActiveCfg = Debug|Any CPU
		{11E08E67-3231-46B2-9996-731F8721BCF4}.Debug|Any CPU.Build.0 = Debug|Any CPU
		{11E08E67-3231-46B2-9996-731F8721BCF4}.Release|Any CPU.ActiveCfg = Release|Any CPU
		{11E08E67-3231-46B2-9996-731F8721BCF4}.Release|Any CPU.Build.0 = Release|Any CPU
		{15164DB9-94AE-4673-8184-0BD55A121241}.Debug|Any CPU.ActiveCfg = Debug|Any CPU
		{15164DB9-94AE-4673-8184-0BD55A121241}.Debug|Any CPU.Build.0 = Debug|Any CPU
		{15164DB9-94AE-4673-8184-0BD55A121241}.Release|Any CPU.ActiveCfg = Release|Any CPU
		{15164DB9-94AE-4673-8184-0BD55A121241}.Release|Any CPU.Build.0 = Release|Any CPU
		{A97DB675-FD68-4421-921D-AA15856F4796}.Debug|Any CPU.ActiveCfg = Debug|Any CPU
		{A97DB675-FD68-4421-921D-AA15856F4796}.Debug|Any CPU.Build.0 = Debug|Any CPU
		{A97DB675-FD68-4421-921D-AA15856F4796}.Release|Any CPU.ActiveCfg = Release|Any CPU
		{A97DB675-FD68-4421-921D-AA15856F4796}.Release|Any CPU.Build.0 = Release|Any CPU
	EndGlobalSection
	GlobalSection(SolutionProperties) = preSolution
		HideSolutionNode = FALSE
	EndGlobalSection
	GlobalSection(ExtensibilityGlobals) = postSolution
		SolutionGuid = {55AA3F59-C8C8-4277-8EDF-0E16700745BE}
	EndGlobalSection
EndGlobal
